
Microsoft Visual Studio Solution File, Format Version 12.00
# Visual Studio Version 17
VisualStudioVersion = 17.8.34511.84
MinimumVisualStudioVersion = 10.0.40219.1
Project("{FAE04EC0-301F-11D3-BF4B-00C04F79EFBC}") = "SmashBrosShippuden", "SmashBrosShippuden.csproj", "{C614CA9F-D4B5-41CB-BFFB-45194CD4905D}"
EndProject
Global
	GlobalSection(SolutionConfigurationPlatforms) = preSolution
		Debug|Any CPU = Debug|Any CPU
		Release|Any CPU = Release|Any CPU
	EndGlobalSection
	GlobalSection(ProjectConfigurationPlatforms) = postSolution
		{C614CA9F-D4B5-41CB-BFFB-45194CD4905D}.Debug|Any CPU.ActiveCfg = Debug|Any CPU
		{C614CA9F-D4B5-41CB-BFFB-45194CD4905D}.Debug|Any CPU.Build.0 = Debug|Any CPU
		{C614CA9F-D4B5-41CB-BFFB-45194CD4905D}.Release|Any CPU.ActiveCfg = Release|Any CPU
		{C614CA9F-D4B5-41CB-BFFB-45194CD4905D}.Release|Any CPU.Build.0 = Release|Any CPU
	EndGlobalSection
	GlobalSection(SolutionProperties) = preSolution
		HideSolutionNode = FALSE
	EndGlobalSection
	GlobalSection(ExtensibilityGlobals) = postSolution
		SolutionGuid = {CB182D30-E89D-43C5-850C-91A81D52F2D8}
	EndGlobalSection
EndGlobal
